// !$*UTF8*$!
{
	archiveVersion = 1;
	classes = {
	};
	objectVersion = 77;
	objects = {

/* Begin PBXBuildFile section */
		78D3FE012DD212BB0021469D /* Kingfisher in Frameworks */ = {isa = PBXBuildFile; productRef = 78D3FE002DD212BB0021469D /* Kingfisher */; };
		78FB3AA62DCDF0AC00DE04E4 /* RxCocoa in Frameworks */ = {isa = PBXBuildFile; productRef = 78FB3AA52DCDF0AC00DE04E4 /* RxCocoa */; };
		78FB3AA92DCDF0B900DE04E4 /* Then in Frameworks */ = {isa = PBXBuildFile; productRef = 78FB3AA82DCDF0B900DE04E4 /* Then */; };
		78FB3AAC2DCDF0C500DE04E4 /* SnapKit in Frameworks */ = {isa = PBXBuildFile; productRef = 78FB3AAB2DCDF0C500DE04E4 /* SnapKit */; };
		78FB3AAF2DCDF0E300DE04E4 /* Alamofire in Frameworks */ = {isa = PBXBuildFile; productRef = 78FB3AAE2DCDF0E300DE04E4 /* Alamofire */; };
/* End PBXBuildFile section */

/* Begin PBXFileReference section */
		78FB3A7F2DCDEFB700DE04E4 /* BookSearchProject_BY.app */ = {isa = PBXFileReference; explicitFileType = wrapper.application; includeInIndex = 0; path = BookSearchProject_BY.app; sourceTree = BUILT_PRODUCTS_DIR; };
/* End PBXFileReference section */

/* Begin PBXFileSystemSynchronizedBuildFileExceptionSet section */
		78FB3A942DCDEFB800DE04E4 /* Exceptions for "BookSearchProject_BY" folder in "BookSearchProject_BY" target */ = {
			isa = PBXFileSystemSynchronizedBuildFileExceptionSet;
			membershipExceptions = (
				Resource/Info.plist,
			);
			target = 78FB3A7E2DCDEFB700DE04E4 /* BookSearchProject_BY */;
		};
/* End PBXFileSystemSynchronizedBuildFileExceptionSet section */

/* Begin PBXFileSystemSynchronizedRootGroup section */
		78FB3A812DCDEFB700DE04E4 /* BookSearchProject_BY */ = {
			isa = PBXFileSystemSynchronizedRootGroup;
			exceptions = (
				78FB3A942DCDEFB800DE04E4 /* Exceptions for "BookSearchProject_BY" folder in "BookSearchProject_BY" target */,
			);
			path = BookSearchProject_BY;
			sourceTree = "<group>";
		};
/* End PBXFileSystemSynchronizedRootGroup section */

/* Begin PBXFrameworksBuildPhase section */
		78FB3A7C2DCDEFB700DE04E4 /* Frameworks */ = {
			isa = PBXFrameworksBuildPhase;
			buildActionMask = 2147483647;
			files = (
				78FB3AAC2DCDF0C500DE04E4 /* SnapKit in Frameworks */,
				78FB3AAF2DCDF0E300DE04E4 /* Alamofire in Frameworks */,
				78FB3AA62DCDF0AC00DE04E4 /* RxCocoa in Frameworks */,
				78FB3AA92DCDF0B900DE04E4 /* Then in Frameworks */,
				78D3FE012DD212BB0021469D /* Kingfisher in Frameworks */,
			);
			runOnlyForDeploymentPostprocessing = 0;
		};
/* End PBXFrameworksBuildPhase section */

/* Begin PBXGroup section */
		78FB3A762DCDEFB700DE04E4 = {
			isa = PBXGroup;
			children = (
				78FB3A812DCDEFB700DE04E4 /* BookSearchProject_BY */,
				78FB3A802DCDEFB700DE04E4 /* Products */,
			);
			sourceTree = "<group>";
		};
		78FB3A802DCDEFB700DE04E4 /* Products */ = {
			isa = PBXGroup;
			children = (
				78FB3A7F2DCDEFB700DE04E4 /* BookSearchProject_BY.app */,
			);
			name = Products;
			sourceTree = "<group>";
		};
/* End PBXGroup section */

/* Begin PBXNativeTarget section */
		78FB3A7E2DCDEFB700DE04E4 /* BookSearchProject_BY */ = {
			isa = PBXNativeTarget;
			buildConfigurationList = 78FB3A952DCDEFB800DE04E4 /* Build configuration list for PBXNativeTarget "BookSearchProject_BY" */;
			buildPhases = (
				78FB3A7B2DCDEFB700DE04E4 /* Sources */,
				78FB3A7C2DCDEFB700DE04E4 /* Frameworks */,
				78FB3A7D2DCDEFB700DE04E4 /* Resources */,
			);
			buildRules = (
			);
			dependencies = (
			);
			fileSystemSynchronizedGroups = (
				78FB3A812DCDEFB700DE04E4 /* BookSearchProject_BY */,
			);
			name = BookSearchProject_BY;
			packageProductDependencies = (
				78FB3AA52DCDF0AC00DE04E4 /* RxCocoa */,
				78FB3AA82DCDF0B900DE04E4 /* Then */,
				78FB3AAB2DCDF0C500DE04E4 /* SnapKit */,
				78FB3AAE2DCDF0E300DE04E4 /* Alamofire */,
				78D3FE002DD212BB0021469D /* Kingfisher */,
			);
			productName = BookSearchProject_BY;
			productReference = 78FB3A7F2DCDEFB700DE04E4 /* BookSearchProject_BY.app */;
			productType = "com.apple.product-type.application";
		};
/* End PBXNativeTarget section */

/* Begin PBXProject section */
		78FB3A772DCDEFB700DE04E4 /* Project object */ = {
			isa = PBXProject;
			attributes = {
				BuildIndependentTargetsInParallel = 1;
				LastSwiftUpdateCheck = 1620;
				LastUpgradeCheck = 1620;
				TargetAttributes = {
					78FB3A7E2DCDEFB700DE04E4 = {
						CreatedOnToolsVersion = 16.2;
					};
				};
			};
			buildConfigurationList = 78FB3A7A2DCDEFB700DE04E4 /* Build configuration list for PBXProject "BookSearchProject_BY" */;
			developmentRegion = en;
			hasScannedForEncodings = 0;
			knownRegions = (
				en,
				Base,
			);
			mainGroup = 78FB3A762DCDEFB700DE04E4;
			minimizedProjectReferenceProxies = 1;
			packageReferences = (
				78FB3AA42DCDF0AC00DE04E4 /* XCRemoteSwiftPackageReference "RxSwift" */,
				78FB3AA72DCDF0B900DE04E4 /* XCRemoteSwiftPackageReference "Then" */,
				78FB3AAA2DCDF0C500DE04E4 /* XCRemoteSwiftPackageReference "SnapKit" */,
				78FB3AAD2DCDF0E300DE04E4 /* XCRemoteSwiftPackageReference "Alamofire" */,
				78D3FDFF2DD212BB0021469D /* XCRemoteSwiftPackageReference "Kingfisher" */,
			);
			preferredProjectObjectVersion = 77;
			productRefGroup = 78FB3A802DCDEFB700DE04E4 /* Products */;
			projectDirPath = "";
			projectRoot = "";
			targets = (
				78FB3A7E2DCDEFB700DE04E4 /* BookSearchProject_BY */,
			);
		};
/* End PBXProject section */

/* Begin PBXResourcesBuildPhase section */
		78FB3A7D2DCDEFB700DE04E4 /* Resources */ = {
			isa = PBXResourcesBuildPhase;
			buildActionMask = 2147483647;
			files = (
			);
			runOnlyForDeploymentPostprocessing = 0;
		};
/* End PBXResourcesBuildPhase section */

/* Begin PBXSourcesBuildPhase section */
		78FB3A7B2DCDEFB700DE04E4 /* Sources */ = {
			isa = PBXSourcesBuildPhase;
			buildActionMask = 2147483647;
			files = (
			);
			runOnlyForDeploymentPostprocessing = 0;
		};
/* End PBXSourcesBuildPhase section */

/* Begin XCBuildConfiguration section */
		78FB3A962DCDEFB800DE04E4 /* Debug */ = {
			isa = XCBuildConfiguration;
			buildSettings = {
				ASSETCATALOG_COMPILER_APPICON_NAME = AppIcon;
				ASSETCATALOG_COMPILER_GLOBAL_ACCENT_COLOR_NAME = AccentColor;
				CODE_SIGN_STYLE = Automatic;
				CURRENT_PROJECT_VERSION = 1;
				DEVELOPMENT_TEAM = 373K7546A3;
				GENERATE_INFOPLIST_FILE = YES;
				INFOPLIST_FILE = BookSearchProject_BY/Resource/Info.plist;
				INFOPLIST_KEY_UIApplicationSupportsIndirectInputEvents = YES;
				INFOPLIST_KEY_UILaunchStoryboardName = LaunchScreen;
				INFOPLIST_KEY_UISupportedInterfaceOrientations_iPad = "UIInterfaceOrientationPortrait UIInterfaceOrientationPortraitUpsideDown UIInterfaceOrientationLandscapeLeft UIInterfaceOrientationLandscapeRight";
				INFOPLIST_KEY_UISupportedInterfaceOrientations_iPhone = "UIInterfaceOrientationPortrait UIInterfaceOrientationLandscapeLeft UIInterfaceOrientationLandscapeRight";
				IPHONEOS_DEPLOYMENT_TARGET = 16;
				LD_RUNPATH_SEARCH_PATHS = (
					"$(inherited)",
					"@executable_path/Frameworks",
				);
				MARKETING_VERSION = 1.0;
				PRODUCT_BUNDLE_IDENTIFIER = "com.by.BookSearchProject-BY";
				PRODUCT_NAME = "$(TARGET_NAME)";
				SWIFT_EMIT_LOC_STRINGS = YES;
				SWIFT_VERSION = 5.0;
				TARGETED_DEVICE_FAMILY = "1,2";
			};
			name = Debug;
		};
		78FB3A972DCDEFB800DE04E4 /* Release */ = {
			isa = XCBuildConfiguration;
			buildSettings = {
				ASSETCATALOG_COMPILER_APPICON_NAME = AppIcon;
				ASSETCATALOG_COMPILER_GLOBAL_ACCENT_COLOR_NAME = AccentColor;
				CODE_SIGN_STYLE = Automatic;
				CURRENT_PROJECT_VERSION = 1;
				DEVELOPMENT_TEAM = 373K7546A3;
				GENERATE_INFOPLIST_FILE = YES;
				INFOPLIST_FILE = BookSearchProject_BY/Resource/Info.plist;
				INFOPLIST_KEY_UIApplicationSupportsIndirectInputEvents = YES;
				INFOPLIST_KEY_UILaunchStoryboardName = LaunchScreen;
				INFOPLIST_KEY_UISupportedInterfaceOrientations_iPad = "UIInterfaceOrientationPortrait UIInterfaceOrientationPortraitUpsideDown UIInterfaceOrientationLandscapeLeft UIInterfaceOrientationLandscapeRight";
				INFOPLIST_KEY_UISupportedInterfaceOrientations_iPhone = "UIInterfaceOrientationPortrait UIInterfaceOrientationLandscapeLeft UIInterfaceOrientationLandscapeRight";
				IPHONEOS_DEPLOYMENT_TARGET = 16;
				LD_RUNPATH_SEARCH_PATHS = (
					"$(inherited)",
					"@executable_path/Frameworks",
				);
				MARKETING_VERSION = 1.0;
				PRODUCT_BUNDLE_IDENTIFIER = "com.by.BookSearchProject-BY";
				PRODUCT_NAME = "$(TARGET_NAME)";
				SWIFT_EMIT_LOC_STRINGS = YES;
				SWIFT_VERSION = 5.0;
				TARGETED_DEVICE_FAMILY = "1,2";
			};
			name = Release;
		};
		78FB3A982DCDEFB800DE04E4 /* Debug */ = {
			isa = XCBuildConfiguration;
			buildSettings = {
				ALWAYS_SEARCH_USER_PATHS = NO;
				ASSETCATALOG_COMPILER_GENERATE_SWIFT_ASSET_SYMBOL_EXTENSIONS = YES;
				CLANG_ANALYZER_NONNULL = YES;
				CLANG_ANALYZER_NUMBER_OBJECT_CONVERSION = YES_AGGRESSIVE;
				CLANG_CXX_LANGUAGE_STANDARD = "gnu++20";
				CLANG_ENABLE_MODULES = YES;
				CLANG_ENABLE_OBJC_ARC = YES;
				CLANG_ENABLE_OBJC_WEAK = YES;
				CLANG_WARN_BLOCK_CAPTURE_AUTORELEASING = YES;
				CLANG_WARN_BOOL_CONVERSION = YES;
				CLANG_WARN_COMMA = YES;
				CLANG_WARN_CONSTANT_CONVERSION = YES;
				CLANG_WARN_DEPRECATED_OBJC_IMPLEMENTATIONS = YES;
				CLANG_WARN_DIRECT_OBJC_ISA_USAGE = YES_ERROR;
				CLANG_WARN_DOCUMENTATION_COMMENTS = YES;
				CLANG_WARN_EMPTY_BODY = YES;
				CLANG_WARN_ENUM_CONVERSION = YES;
				CLANG_WARN_INFINITE_RECURSION = YES;
				CLANG_WARN_INT_CONVERSION = YES;
				CLANG_WARN_NON_LITERAL_NULL_CONVERSION = YES;
				CLANG_WARN_OBJC_IMPLICIT_RETAIN_SELF = YES;
				CLANG_WARN_OBJC_LITERAL_CONVERSION = YES;
				CLANG_WARN_OBJC_ROOT_CLASS = YES_ERROR;
				CLANG_WARN_QUOTED_INCLUDE_IN_FRAMEWORK_HEADER = YES;
				CLANG_WARN_RANGE_LOOP_ANALYSIS = YES;
				CLANG_WARN_STRICT_PROTOTYPES = YES;
				CLANG_WARN_SUSPICIOUS_MOVE = YES;
				CLANG_WARN_UNGUARDED_AVAILABILITY = YES_AGGRESSIVE;
				CLANG_WARN_UNREACHABLE_CODE = YES;
				CLANG_WARN__DUPLICATE_METHOD_MATCH = YES;
				COPY_PHASE_STRIP = NO;
				DEBUG_INFORMATION_FORMAT = dwarf;
				ENABLE_STRICT_OBJC_MSGSEND = YES;
				ENABLE_TESTABILITY = YES;
				ENABLE_USER_SCRIPT_SANDBOXING = YES;
				GCC_C_LANGUAGE_STANDARD = gnu17;
				GCC_DYNAMIC_NO_PIC = NO;
				GCC_NO_COMMON_BLOCKS = YES;
				GCC_OPTIMIZATION_LEVEL = 0;
				GCC_PREPROCESSOR_DEFINITIONS = (
					"DEBUG=1",
					"$(inherited)",
				);
				GCC_WARN_64_TO_32_BIT_CONVERSION = YES;
				GCC_WARN_ABOUT_RETURN_TYPE = YES_ERROR;
				GCC_WARN_UNDECLARED_SELECTOR = YES;
				GCC_WARN_UNINITIALIZED_AUTOS = YES_AGGRESSIVE;
				GCC_WARN_UNUSED_FUNCTION = YES;
				GCC_WARN_UNUSED_VARIABLE = YES;
				IPHONEOS_DEPLOYMENT_TARGET = 18.2;
				LOCALIZATION_PREFERS_STRING_CATALOGS = YES;
				MTL_ENABLE_DEBUG_INFO = INCLUDE_SOURCE;
				MTL_FAST_MATH = YES;
				ONLY_ACTIVE_ARCH = YES;
				SDKROOT = iphoneos;
				SWIFT_ACTIVE_COMPILATION_CONDITIONS = "DEBUG $(inherited)";
				SWIFT_OPTIMIZATION_LEVEL = "-Onone";
			};
			name = Debug;
		};
		78FB3A992DCDEFB800DE04E4 /* Release */ = {
			isa = XCBuildConfiguration;
			buildSettings = {
				ALWAYS_SEARCH_USER_PATHS = NO;
				ASSETCATALOG_COMPILER_GENERATE_SWIFT_ASSET_SYMBOL_EXTENSIONS = YES;
				CLANG_ANALYZER_NONNULL = YES;
				CLANG_ANALYZER_NUMBER_OBJECT_CONVERSION = YES_AGGRESSIVE;
				CLANG_CXX_LANGUAGE_STANDARD = "gnu++20";
				CLANG_ENABLE_MODULES = YES;
				CLANG_ENABLE_OBJC_ARC = YES;
				CLANG_ENABLE_OBJC_WEAK = YES;
				CLANG_WARN_BLOCK_CAPTURE_AUTORELEASING = YES;
				CLANG_WARN_BOOL_CONVERSION = YES;
				CLANG_WARN_COMMA = YES;
				CLANG_WARN_CONSTANT_CONVERSION = YES;
				CLANG_WARN_DEPRECATED_OBJC_IMPLEMENTATIONS = YES;
				CLANG_WARN_DIRECT_OBJC_ISA_USAGE = YES_ERROR;
				CLANG_WARN_DOCUMENTATION_COMMENTS = YES;
				CLANG_WARN_EMPTY_BODY = YES;
				CLANG_WARN_ENUM_CONVERSION = YES;
				CLANG_WARN_INFINITE_RECURSION = YES;
				CLANG_WARN_INT_CONVERSION = YES;
				CLANG_WARN_NON_LITERAL_NULL_CONVERSION = YES;
				CLANG_WARN_OBJC_IMPLICIT_RETAIN_SELF = YES;
				CLANG_WARN_OBJC_LITERAL_CONVERSION = YES;
				CLANG_WARN_OBJC_ROOT_CLASS = YES_ERROR;
				CLANG_WARN_QUOTED_INCLUDE_IN_FRAMEWORK_HEADER = YES;
				CLANG_WARN_RANGE_LOOP_ANALYSIS = YES;
				CLANG_WARN_STRICT_PROTOTYPES = YES;
				CLANG_WARN_SUSPICIOUS_MOVE = YES;
				CLANG_WARN_UNGUARDED_AVAILABILITY = YES_AGGRESSIVE;
				CLANG_WARN_UNREACHABLE_CODE = YES;
				CLANG_WARN__DUPLICATE_METHOD_MATCH = YES;
				COPY_PHASE_STRIP = NO;
				DEBUG_INFORMATION_FORMAT = "dwarf-with-dsym";
				ENABLE_NS_ASSERTIONS = NO;
				ENABLE_STRICT_OBJC_MSGSEND = YES;
				ENABLE_USER_SCRIPT_SANDBOXING = YES;
				GCC_C_LANGUAGE_STANDARD = gnu17;
				GCC_NO_COMMON_BLOCKS = YES;
				GCC_WARN_64_TO_32_BIT_CONVERSION = YES;
				GCC_WARN_ABOUT_RETURN_TYPE = YES_ERROR;
				GCC_WARN_UNDECLARED_SELECTOR = YES;
				GCC_WARN_UNINITIALIZED_AUTOS = YES_AGGRESSIVE;
				GCC_WARN_UNUSED_FUNCTION = YES;
				GCC_WARN_UNUSED_VARIABLE = YES;
				IPHONEOS_DEPLOYMENT_TARGET = 18.2;
				LOCALIZATION_PREFERS_STRING_CATALOGS = YES;
				MTL_ENABLE_DEBUG_INFO = NO;
				MTL_FAST_MATH = YES;
				SDKROOT = iphoneos;
				SWIFT_COMPILATION_MODE = wholemodule;
				VALIDATE_PRODUCT = YES;
			};
			name = Release;
		};
/* End XCBuildConfiguration section */

/* Begin XCConfigurationList section */
		78FB3A7A2DCDEFB700DE04E4 /* Build configuration list for PBXProject "BookSearchProject_BY" */ = {
			isa = XCConfigurationList;
			buildConfigurations = (
				78FB3A982DCDEFB800DE04E4 /* Debug */,
				78FB3A992DCDEFB800DE04E4 /* Release */,
			);
			defaultConfigurationIsVisible = 0;
			defaultConfigurationName = Release;
		};
		78FB3A952DCDEFB800DE04E4 /* Build configuration list for PBXNativeTarget "BookSearchProject_BY" */ = {
			isa = XCConfigurationList;
			buildConfigurations = (
				78FB3A962DCDEFB800DE04E4 /* Debug */,
				78FB3A972DCDEFB800DE04E4 /* Release */,
			);
			defaultConfigurationIsVisible = 0;
			defaultConfigurationName = Release;
		};
/* End XCConfigurationList section */

/* Begin XCRemoteSwiftPackageReference section */
		78D3FDFF2DD212BB0021469D /* XCRemoteSwiftPackageReference "Kingfisher" */ = {
			isa = XCRemoteSwiftPackageReference;
			repositoryURL = "https://github.com/onevcat/Kingfisher.git";
			requirement = {
				kind = upToNextMajorVersion;
				minimumVersion = 8.3.2;
			};
		};
		78FB3AA42DCDF0AC00DE04E4 /* XCRemoteSwiftPackageReference "RxSwift" */ = {
			isa = XCRemoteSwiftPackageReference;
			repositoryURL = "https://github.com/ReactiveX/RxSwift.git";
			requirement = {
				kind = upToNextMajorVersion;
				minimumVersion = 6.9.0;
			};
		};
		78FB3AA72DCDF0B900DE04E4 /* XCRemoteSwiftPackageReference "Then" */ = {
			isa = XCRemoteSwiftPackageReference;
			repositoryURL = "https://github.com/devxoul/Then.git";
			requirement = {
				kind = upToNextMajorVersion;
				minimumVersion = 3.0.0;
			};
		};
		78FB3AAA2DCDF0C500DE04E4 /* XCRemoteSwiftPackageReference "SnapKit" */ = {
			isa = XCRemoteSwiftPackageReference;
			repositoryURL = "https://github.com/SnapKit/SnapKit.git";
			requirement = {
				kind = upToNextMajorVersion;
				minimumVersion = 5.7.1;
			};
		};
		78FB3AAD2DCDF0E300DE04E4 /* XCRemoteSwiftPackageReference "Alamofire" */ = {
			isa = XCRemoteSwiftPackageReference;
			repositoryURL = "https://github.com/Alamofire/Alamofire.git";
			requirement = {
				kind = upToNextMajorVersion;
				minimumVersion = 5.10.2;
			};
		};
/* End XCRemoteSwiftPackageReference section */

/* Begin XCSwiftPackageProductDependency section */
		78D3FE002DD212BB0021469D /* Kingfisher */ = {
			isa = XCSwiftPackageProductDependency;
			package = 78D3FDFF2DD212BB0021469D /* XCRemoteSwiftPackageReference "Kingfisher" */;
			productName = Kingfisher;
		};
		78FB3AA52DCDF0AC00DE04E4 /* RxCocoa */ = {
			isa = XCSwiftPackageProductDependency;
			package = 78FB3AA42DCDF0AC00DE04E4 /* XCRemoteSwiftPackageReference "RxSwift" */;
			productName = RxCocoa;
		};
		78FB3AA82DCDF0B900DE04E4 /* Then */ = {
			isa = XCSwiftPackageProductDependency;
			package = 78FB3AA72DCDF0B900DE04E4 /* XCRemoteSwiftPackageReference "Then" */;
			productName = Then;
		};
		78FB3AAB2DCDF0C500DE04E4 /* SnapKit */ = {
			isa = XCSwiftPackageProductDependency;
			package = 78FB3AAA2DCDF0C500DE04E4 /* XCRemoteSwiftPackageReference "SnapKit" */;
			productName = SnapKit;
		};
		78FB3AAE2DCDF0E300DE04E4 /* Alamofire */ = {
			isa = XCSwiftPackageProductDependency;
			package = 78FB3AAD2DCDF0E300DE04E4 /* XCRemoteSwiftPackageReference "Alamofire" */;
			productName = Alamofire;
		};
/* End XCSwiftPackageProductDependency section */
	};
	rootObject = 78FB3A772DCDEFB700DE04E4 /* Project object */;
}
